
Microsoft Visual Studio Solution File, Format Version 12.00
# Visual Studio Version 17
VisualStudioVersion = 17.0.32014.148
MinimumVisualStudioVersion = 10.0.40219.1
Project("{FAE04EC0-301F-11D3-BF4B-00C04F79EFBC}") = "WebApp", "WebApp.csproj", "{CC973A36-3FB2-465B-AF12-58A3EB7BB76F}"
EndProject
Global
	GlobalSection(SolutionConfigurationPlatforms) = preSolution
		Debug|Any CPU = Debug|Any CPU
		Release|Any CPU = Release|Any CPU
	EndGlobalSection
	GlobalSection(ProjectConfigurationPlatforms) = postSolution
		{CC973A36-3FB2-465B-AF12-58A3EB7BB76F}.Debug|Any CPU.ActiveCfg = Debug|Any CPU
		{CC973A36-3FB2-465B-AF12-58A3EB7BB76F}.Debug|Any CPU.Build.0 = Debug|Any CPU
		{CC973A36-3FB2-465B-AF12-58A3EB7BB76F}.Release|Any CPU.ActiveCfg = Release|Any CPU
		{CC973A36-3FB2-465B-AF12-58A3EB7BB76F}.Release|Any CPU.Build.0 = Release|Any CPU
	EndGlobalSection
	GlobalSection(SolutionProperties) = preSolution
		HideSolutionNode = FALSE
	EndGlobalSection
	GlobalSection(ExtensibilityGlobals) = postSolution
		SolutionGuid = {94F9EB16-0E53-4A4A-A196-E6267213D52C}
	EndGlobalSection
EndGlobal
